
Microsoft Visual Studio Solution File, Format Version 12.00
# Visual Studio 15
VisualStudioVersion = 15.0.26430.4
MinimumVisualStudioVersion = 10.0.40219.1
Project("{FAE04EC0-301F-11D3-BF4B-00C04F79EFBC}") = "RakNetCsManagedDLL", "RakNetCsManagedDLL\RakNetCsManagedDLL.csproj", "{CA10784D-295C-429F-AEB3-95E8F9EA3299}"
	ProjectSection(ProjectDependencies) = postProject
		{8ABBD602-55C9-4572-AB76-B322087B2CF4} = {8ABBD602-55C9-4572-AB76-B322087B2CF4}
	EndProjectSection
EndProject
Project("{8BC9CEB8-8B4A-11D0-8D11-00A0C91BC942}") = "Raknet", "..\Raknet_UWP_VS17\Raknet\Raknet.vcxproj", "{8ABBD602-55C9-4572-AB76-B322087B2CF4}"
EndProject
Project("{FAE04EC0-301F-11D3-BF4B-00C04F79EFBC}") = "RakNetCsManagedDLLTestApp", "..\RakNetCsManagedDLLTestApp\RakNetCsManagedDLLTestApp.csproj", "{355B399C-1D4E-4C2E-A7DD-3C7154EC075F}"
EndProject
Global
	GlobalSection(SolutionConfigurationPlatforms) = preSolution
		Debug|Any CPU = Debug|Any CPU
		Debug|ARM = Debug|ARM
		Debug|x64 = Debug|x64
		Debug|x86 = Debug|x86
		Release|Any CPU = Release|Any CPU
		Release|ARM = Release|ARM
		Release|x64 = Release|x64
		Release|x86 = Release|x86
	EndGlobalSection
	GlobalSection(ProjectConfigurationPlatforms) = postSolution
		{CA10784D-295C-429F-AEB3-95E8F9EA3299}.Debug|Any CPU.ActiveCfg = Debug|Any CPU
		{CA10784D-295C-429F-AEB3-95E8F9EA3299}.Debug|Any CPU.Build.0 = Debug|Any CPU
		{CA10784D-295C-429F-AEB3-95E8F9EA3299}.Debug|ARM.ActiveCfg = Debug|ARM
		{CA10784D-295C-429F-AEB3-95E8F9EA3299}.Debug|ARM.Build.0 = Debug|ARM
		{CA10784D-295C-429F-AEB3-95E8F9EA3299}.Debug|x64.ActiveCfg = Debug|x64
		{CA10784D-295C-429F-AEB3-95E8F9EA3299}.Debug|x64.Build.0 = Debug|x64
		{CA10784D-295C-429F-AEB3-95E8F9EA3299}.Debug|x86.ActiveCfg = Debug|x86
		{CA10784D-295C-429F-AEB3-95E8F9EA3299}.Debug|x86.Build.0 = Debug|x86
		{CA10784D-295C-429F-AEB3-95E8F9EA3299}.Release|Any CPU.ActiveCfg = Release|Any CPU
		{CA10784D-295C-429F-AEB3-95E8F9EA3299}.Release|Any CPU.Build.0 = Release|Any CPU
		{CA10784D-295C-429F-AEB3-95E8F9EA3299}.Release|ARM.ActiveCfg = Release|ARM
		{CA10784D-295C-429F-AEB3-95E8F9EA3299}.Release|ARM.Build.0 = Release|ARM
		{CA10784D-295C-429F-AEB3-95E8F9EA3299}.Release|x64.ActiveCfg = Release|x64
		{CA10784D-295C-429F-AEB3-95E8F9EA3299}.Release|x64.Build.0 = Release|x64
		{CA10784D-295C-429F-AEB3-95E8F9EA3299}.Release|x86.ActiveCfg = Release|x86
		{CA10784D-295C-429F-AEB3-95E8F9EA3299}.Release|x86.Build.0 = Release|x86
		{8ABBD602-55C9-4572-AB76-B322087B2CF4}.Debug|Any CPU.ActiveCfg = Debug|Win32
		{8ABBD602-55C9-4572-AB76-B322087B2CF4}.Debug|ARM.ActiveCfg = Debug|ARM
		{8ABBD602-55C9-4572-AB76-B322087B2CF4}.Debug|ARM.Build.0 = Debug|ARM
		{8ABBD602-55C9-4572-AB76-B322087B2CF4}.Debug|x64.ActiveCfg = Debug|x64
		{8ABBD602-55C9-4572-AB76-B322087B2CF4}.Debug|x64.Build.0 = Debug|x64
		{8ABBD602-55C9-4572-AB76-B322087B2CF4}.Debug|x86.ActiveCfg = Debug|Win32
		{8ABBD602-55C9-4572-AB76-B322087B2CF4}.Debug|x86.Build.0 = Debug|Win32
		{8ABBD602-55C9-4572-AB76-B322087B2CF4}.Release|Any CPU.ActiveCfg = Release|Win32
		{8ABBD602-55C9-4572-AB76-B322087B2CF4}.Release|ARM.ActiveCfg = Release|ARM
		{8ABBD602-55C9-4572-AB76-B322087B2CF4}.Release|ARM.Build.0 = Release|ARM
		{8ABBD602-55C9-4572-AB76-B322087B2CF4}.Release|x64.ActiveCfg = Release|x64
		{8ABBD602-55C9-4572-AB76-B322087B2CF4}.Release|x64.Build.0 = Release|x64
		{8ABBD602-55C9-4572-AB76-B322087B2CF4}.Release|x86.ActiveCfg = Release|Win32
		{8ABBD602-55C9-4572-AB76-B322087B2CF4}.Release|x86.Build.0 = Release|Win32
		{355B399C-1D4E-4C2E-A7DD-3C7154EC075F}.Debug|Any CPU.ActiveCfg = Debug|x86
		{355B399C-1D4E-4C2E-A7DD-3C7154EC075F}.Debug|ARM.ActiveCfg = Debug|ARM
		{355B399C-1D4E-4C2E-A7DD-3C7154EC075F}.Debug|ARM.Build.0 = Debug|ARM
		{355B399C-1D4E-4C2E-A7DD-3C7154EC075F}.Debug|ARM.Deploy.0 = Debug|ARM
		{355B399C-1D4E-4C2E-A7DD-3C7154EC075F}.Debug|x64.ActiveCfg = Debug|x64
		{355B399C-1D4E-4C2E-A7DD-3C7154EC075F}.Debug|x64.Build.0 = Debug|x64
		{355B399C-1D4E-4C2E-A7DD-3C7154EC075F}.Debug|x64.Deploy.0 = Debug|x64
		{355B399C-1D4E-4C2E-A7DD-3C7154EC075F}.Debug|x86.ActiveCfg = Debug|x86
		{355B399C-1D4E-4C2E-A7DD-3C7154EC075F}.Debug|x86.Build.0 = Debug|x86
		{355B399C-1D4E-4C2E-A7DD-3C7154EC075F}.Debug|x86.Deploy.0 = Debug|x86
		{355B399C-1D4E-4C2E-A7DD-3C7154EC075F}.Release|Any CPU.ActiveCfg = Release|x86
		{355B399C-1D4E-4C2E-A7DD-3C7154EC075F}.Release|ARM.ActiveCfg = Release|ARM
		{355B399C-1D4E-4C2E-A7DD-3C7154EC075F}.Release|ARM.Build.0 = Release|ARM
		{355B399C-1D4E-4C2E-A7DD-3C7154EC075F}.Release|ARM.Deploy.0 = Release|ARM
		{355B399C-1D4E-4C2E-A7DD-3C7154EC075F}.Release|x64.ActiveCfg = Release|x64
		{355B399C-1D4E-4C2E-A7DD-3C7154EC075F}.Release|x64.Build.0 = Release|x64
		{355B399C-1D4E-4C2E-A7DD-3C7154EC075F}.Release|x64.Deploy.0 = Release|x64
		{355B399C-1D4E-4C2E-A7DD-3C7154EC075F}.Release|x86.ActiveCfg = Release|x86
		{355B399C-1D4E-4C2E-A7DD-3C7154EC075F}.Release|x86.Build.0 = Release|x86
		{355B399C-1D4E-4C2E-A7DD-3C7154EC075F}.Release|x86.Deploy.0 = Release|x86
	EndGlobalSection
	GlobalSection(SolutionProperties) = preSolution
		HideSolutionNode = FALSE
	EndGlobalSection
EndGlobal
